
Microsoft Visual Studio Solution File, Format Version 12.00
# Visual Studio Version 17
VisualStudioVersion = 17.1.32210.238
MinimumVisualStudioVersion = 10.0.40219.1
Project("{FAE04EC0-301F-11D3-BF4B-00C04F79EFBC}") = "BL", "BL\BL.csproj", "{359207E0-FBEA-4B92-BEF2-82A85ACED4F5}"
	ProjectSection(ProjectDependencies) = postProject
		{33A1D22D-EB24-438B-AD22-A6CF64464DA3} = {33A1D22D-EB24-438B-AD22-A6CF64464DA3}
		{B99A342F-F024-45B1-A2EB-8C4D33D9D7C7} = {B99A342F-F024-45B1-A2EB-8C4D33D9D7C7}
	EndProjectSection
EndProject
Project("{FAE04EC0-301F-11D3-BF4B-00C04F79EFBC}") = "BE", "BE\BE.csproj", "{B99A342F-F024-45B1-A2EB-8C4D33D9D7C7}"
EndProject
Project("{FAE04EC0-301F-11D3-BF4B-00C04F79EFBC}") = "DAL", "DAL\DAL.csproj", "{33A1D22D-EB24-438B-AD22-A6CF64464DA3}"
	ProjectSection(ProjectDependencies) = postProject
		{B99A342F-F024-45B1-A2EB-8C4D33D9D7C7} = {B99A342F-F024-45B1-A2EB-8C4D33D9D7C7}
	EndProjectSection
EndProject
Project("{FAE04EC0-301F-11D3-BF4B-00C04F79EFBC}") = "PL", "PL\PL.csproj", "{0CCD53D4-C214-411C-871B-EDDE6F1DDB77}"
EndProject
Global
	GlobalSection(SolutionConfigurationPlatforms) = preSolution
		Debug|Any CPU = Debug|Any CPU
		Debug|x86 = Debug|x86
		Release|Any CPU = Release|Any CPU
		Release|x86 = Release|x86
	EndGlobalSection
	GlobalSection(ProjectConfigurationPlatforms) = postSolution
		{359207E0-FBEA-4B92-BEF2-82A85ACED4F5}.Debug|Any CPU.ActiveCfg = Debug|Any CPU
		{359207E0-FBEA-4B92-BEF2-82A85ACED4F5}.Debug|Any CPU.Build.0 = Debug|Any CPU
		{359207E0-FBEA-4B92-BEF2-82A85ACED4F5}.Debug|x86.ActiveCfg = Debug|Any CPU
		{359207E0-FBEA-4B92-BEF2-82A85ACED4F5}.Debug|x86.Build.0 = Debug|Any CPU
		{359207E0-FBEA-4B92-BEF2-82A85ACED4F5}.Release|Any CPU.ActiveCfg = Release|Any CPU
		{359207E0-FBEA-4B92-BEF2-82A85ACED4F5}.Release|Any CPU.Build.0 = Release|Any CPU
		{359207E0-FBEA-4B92-BEF2-82A85ACED4F5}.Release|x86.ActiveCfg = Release|Any CPU
		{359207E0-FBEA-4B92-BEF2-82A85ACED4F5}.Release|x86.Build.0 = Release|Any CPU
		{B99A342F-F024-45B1-A2EB-8C4D33D9D7C7}.Debug|Any CPU.ActiveCfg = Debug|Any CPU
		{B99A342F-F024-45B1-A2EB-8C4D33D9D7C7}.Debug|Any CPU.Build.0 = Debug|Any CPU
		{B99A342F-F024-45B1-A2EB-8C4D33D9D7C7}.Debug|x86.ActiveCfg = Debug|Any CPU
		{B99A342F-F024-45B1-A2EB-8C4D33D9D7C7}.Debug|x86.Build.0 = Debug|Any CPU
		{B99A342F-F024-45B1-A2EB-8C4D33D9D7C7}.Release|Any CPU.ActiveCfg = Release|Any CPU
		{B99A342F-F024-45B1-A2EB-8C4D33D9D7C7}.Release|Any CPU.Build.0 = Release|Any CPU
		{B99A342F-F024-45B1-A2EB-8C4D33D9D7C7}.Release|x86.ActiveCfg = Release|Any CPU
		{B99A342F-F024-45B1-A2EB-8C4D33D9D7C7}.Release|x86.Build.0 = Release|Any CPU
		{33A1D22D-EB24-438B-AD22-A6CF64464DA3}.Debug|Any CPU.ActiveCfg = Debug|Any CPU
		{33A1D22D-EB24-438B-AD22-A6CF64464DA3}.Debug|Any CPU.Build.0 = Debug|Any CPU
		{33A1D22D-EB24-438B-AD22-A6CF64464DA3}.Debug|x86.ActiveCfg = Debug|Any CPU
		{33A1D22D-EB24-438B-AD22-A6CF64464DA3}.Debug|x86.Build.0 = Debug|Any CPU
		{33A1D22D-EB24-438B-AD22-A6CF64464DA3}.Release|Any CPU.ActiveCfg = Release|Any CPU
		{33A1D22D-EB24-438B-AD22-A6CF64464DA3}.Release|Any CPU.Build.0 = Release|Any CPU
		{33A1D22D-EB24-438B-AD22-A6CF64464DA3}.Release|x86.ActiveCfg = Release|Any CPU
		{33A1D22D-EB24-438B-AD22-A6CF64464DA3}.Release|x86.Build.0 = Release|Any CPU
		{0CCD53D4-C214-411C-871B-EDDE6F1DDB77}.Debug|Any CPU.ActiveCfg = Debug|Any CPU
		{0CCD53D4-C214-411C-871B-EDDE6F1DDB77}.Debug|Any CPU.Build.0 = Debug|Any CPU
		{0CCD53D4-C214-411C-871B-EDDE6F1DDB77}.Debug|x86.ActiveCfg = Debug|Any CPU
		{0CCD53D4-C214-411C-871B-EDDE6F1DDB77}.Debug|x86.Build.0 = Debug|Any CPU
		{0CCD53D4-C214-411C-871B-EDDE6F1DDB77}.Release|Any CPU.ActiveCfg = Release|Any CPU
		{0CCD53D4-C214-411C-871B-EDDE6F1DDB77}.Release|Any CPU.Build.0 = Release|Any CPU
		{0CCD53D4-C214-411C-871B-EDDE6F1DDB77}.Release|x86.ActiveCfg = Release|Any CPU
		{0CCD53D4-C214-411C-871B-EDDE6F1DDB77}.Release|x86.Build.0 = Release|Any CPU
	EndGlobalSection
	GlobalSection(SolutionProperties) = preSolution
		HideSolutionNode = FALSE
	EndGlobalSection
	GlobalSection(ExtensibilityGlobals) = postSolution
		SolutionGuid = {D803132A-6B08-4468-BEB9-42E3E9B732C7}
	EndGlobalSection
EndGlobal
